
Microsoft Visual Studio Solution File, Format Version 12.00
# Visual Studio Version 17
VisualStudioVersion = 17.9.34622.214
MinimumVisualStudioVersion = 10.0.40219.1
Project("{9A19103F-16F7-4668-BE54-9A1E7A4F7556}") = "Web_Project", "Web_Project.csproj", "{C0B80D5F-F01D-478C-8BAE-7C1DC41E00B9}"
EndProject
Project("{9A19103F-16F7-4668-BE54-9A1E7A4F7556}") = "Web_API", "..\Web_API\Web_API.csproj", "{8B603FBB-4C70-4CD9-8AE2-79F55B8F3C60}"
EndProject
Project("{9A19103F-16F7-4668-BE54-9A1E7A4F7556}") = "DataBaseLayer", "..\DaataBaseLayer\DataBaseLayer.csproj", "{AC4C0006-BC4B-4C80-B814-19D1C6D09161}"
EndProject
Project("{2150E333-8FDC-42A3-9474-1A3956D46DE8}") = "shared-keys", "shared-keys", "{C5487F11-DF11-42A1-9E10-534FD032A65D}"
EndProject
Global
	GlobalSection(SolutionConfigurationPlatforms) = preSolution
		Debug|Any CPU = Debug|Any CPU
		Release|Any CPU = Release|Any CPU
	EndGlobalSection
	GlobalSection(ProjectConfigurationPlatforms) = postSolution
		{C0B80D5F-F01D-478C-8BAE-7C1DC41E00B9}.Debug|Any CPU.ActiveCfg = Debug|Any CPU
		{C0B80D5F-F01D-478C-8BAE-7C1DC41E00B9}.Debug|Any CPU.Build.0 = Debug|Any CPU
		{C0B80D5F-F01D-478C-8BAE-7C1DC41E00B9}.Release|Any CPU.ActiveCfg = Release|Any CPU
		{C0B80D5F-F01D-478C-8BAE-7C1DC41E00B9}.Release|Any CPU.Build.0 = Release|Any CPU
		{8B603FBB-4C70-4CD9-8AE2-79F55B8F3C60}.Debug|Any CPU.ActiveCfg = Debug|Any CPU
		{8B603FBB-4C70-4CD9-8AE2-79F55B8F3C60}.Debug|Any CPU.Build.0 = Debug|Any CPU
		{8B603FBB-4C70-4CD9-8AE2-79F55B8F3C60}.Release|Any CPU.ActiveCfg = Release|Any CPU
		{8B603FBB-4C70-4CD9-8AE2-79F55B8F3C60}.Release|Any CPU.Build.0 = Release|Any CPU
		{AC4C0006-BC4B-4C80-B814-19D1C6D09161}.Debug|Any CPU.ActiveCfg = Debug|Any CPU
		{AC4C0006-BC4B-4C80-B814-19D1C6D09161}.Debug|Any CPU.Build.0 = Debug|Any CPU
		{AC4C0006-BC4B-4C80-B814-19D1C6D09161}.Release|Any CPU.ActiveCfg = Release|Any CPU
		{AC4C0006-BC4B-4C80-B814-19D1C6D09161}.Release|Any CPU.Build.0 = Release|Any CPU
	EndGlobalSection
	GlobalSection(SolutionProperties) = preSolution
		HideSolutionNode = FALSE
	EndGlobalSection
	GlobalSection(ExtensibilityGlobals) = postSolution
		SolutionGuid = {388DE5B4-35A5-482A-88D0-238FBE8F6F1A}
	EndGlobalSection
EndGlobal
